
Microsoft Visual Studio Solution File, Format Version 12.00
# Visual Studio Version 17
VisualStudioVersion = 17.8.34330.188
MinimumVisualStudioVersion = 10.0.40219.1
Project("{9A19103F-16F7-4668-BE54-9A1E7A4F7556}") = "Presentation", "Logonya\Presentation.csproj", "{A9BFAD8E-16C6-43A1-9221-E1CA4A44CEE1}"
EndProject
Project("{9A19103F-16F7-4668-BE54-9A1E7A4F7556}") = "Domain", "Domain\Domain.csproj", "{28367F38-DFA7-4A7F-B434-D0D32CD2570C}"
EndProject
Project("{9A19103F-16F7-4668-BE54-9A1E7A4F7556}") = "Infrastructure", "Infrastructure\Infrastructure.csproj", "{5C762654-0F89-4877-8F9F-00B15A331122}"
EndProject
Global
	GlobalSection(SolutionConfigurationPlatforms) = preSolution
		Debug|Any CPU = Debug|Any CPU
		Release|Any CPU = Release|Any CPU
	EndGlobalSection
	GlobalSection(ProjectConfigurationPlatforms) = postSolution
		{A9BFAD8E-16C6-43A1-9221-E1CA4A44CEE1}.Debug|Any CPU.ActiveCfg = Debug|Any CPU
		{A9BFAD8E-16C6-43A1-9221-E1CA4A44CEE1}.Debug|Any CPU.Build.0 = Debug|Any CPU
		{A9BFAD8E-16C6-43A1-9221-E1CA4A44CEE1}.Release|Any CPU.ActiveCfg = Release|Any CPU
		{A9BFAD8E-16C6-43A1-9221-E1CA4A44CEE1}.Release|Any CPU.Build.0 = Release|Any CPU
		{28367F38-DFA7-4A7F-B434-D0D32CD2570C}.Debug|Any CPU.ActiveCfg = Debug|Any CPU
		{28367F38-DFA7-4A7F-B434-D0D32CD2570C}.Debug|Any CPU.Build.0 = Debug|Any CPU
		{28367F38-DFA7-4A7F-B434-D0D32CD2570C}.Release|Any CPU.ActiveCfg = Release|Any CPU
		{28367F38-DFA7-4A7F-B434-D0D32CD2570C}.Release|Any CPU.Build.0 = Release|Any CPU
		{5C762654-0F89-4877-8F9F-00B15A331122}.Debug|Any CPU.ActiveCfg = Debug|Any CPU
		{5C762654-0F89-4877-8F9F-00B15A331122}.Debug|Any CPU.Build.0 = Debug|Any CPU
		{5C762654-0F89-4877-8F9F-00B15A331122}.Release|Any CPU.ActiveCfg = Release|Any CPU
		{5C762654-0F89-4877-8F9F-00B15A331122}.Release|Any CPU.Build.0 = Release|Any CPU
	EndGlobalSection
	GlobalSection(SolutionProperties) = preSolution
		HideSolutionNode = FALSE
	EndGlobalSection
	GlobalSection(ExtensibilityGlobals) = postSolution
		SolutionGuid = {7EB0ED1A-B0BF-42F6-8F5F-D6C39B19630D}
	EndGlobalSection
EndGlobal
